
Microsoft Visual Studio Solution File, Format Version 12.00
# Visual Studio 15
VisualStudioVersion = 15.0.28307.1738
MinimumVisualStudioVersion = 10.0.40219.1
Project("{FAE04EC0-301F-11D3-BF4B-00C04F79EFBC}") = "Biblioteca", "Biblioteca\Biblioteca.csproj", "{6FF920C0-2176-43CE-9B9B-E3A55F2784E2}"
EndProject
Global
	GlobalSection(SolutionConfigurationPlatforms) = preSolution
		Debug|Any CPU = Debug|Any CPU
		Release|Any CPU = Release|Any CPU
	EndGlobalSection
	GlobalSection(ProjectConfigurationPlatforms) = postSolution
		{6FF920C0-2176-43CE-9B9B-E3A55F2784E2}.Debug|Any CPU.ActiveCfg = Debug|Any CPU
		{6FF920C0-2176-43CE-9B9B-E3A55F2784E2}.Debug|Any CPU.Build.0 = Debug|Any CPU
		{6FF920C0-2176-43CE-9B9B-E3A55F2784E2}.Release|Any CPU.ActiveCfg = Release|Any CPU
		{6FF920C0-2176-43CE-9B9B-E3A55F2784E2}.Release|Any CPU.Build.0 = Release|Any CPU
	EndGlobalSection
	GlobalSection(SolutionProperties) = preSolution
		HideSolutionNode = FALSE
	EndGlobalSection
	GlobalSection(ExtensibilityGlobals) = postSolution
		SolutionGuid = {DBF7D43A-E557-4FAE-9C45-8E248F019229}
	EndGlobalSection
EndGlobal
